
Microsoft Visual Studio Solution File, Format Version 12.00
# Visual Studio Version 17
VisualStudioVersion = 17.11.35208.52
MinimumVisualStudioVersion = 10.0.40219.1
Project("{FAE04EC0-301F-11D3-BF4B-00C04F79EFBC}") = "SocialMediaApp", "SocialMediaApp\SocialMediaApp.csproj", "{FFD45400-520D-4A45-93A6-2269A9A66999}"
EndProject
Global
	GlobalSection(SolutionConfigurationPlatforms) = preSolution
		Debug|Any CPU = Debug|Any CPU
		Release|Any CPU = Release|Any CPU
	EndGlobalSection
	GlobalSection(ProjectConfigurationPlatforms) = postSolution
		{FFD45400-520D-4A45-93A6-2269A9A66999}.Debug|Any CPU.ActiveCfg = Debug|Any CPU
		{FFD45400-520D-4A45-93A6-2269A9A66999}.Debug|Any CPU.Build.0 = Debug|Any CPU
		{FFD45400-520D-4A45-93A6-2269A9A66999}.Release|Any CPU.ActiveCfg = Release|Any CPU
		{FFD45400-520D-4A45-93A6-2269A9A66999}.Release|Any CPU.Build.0 = Release|Any CPU
	EndGlobalSection
	GlobalSection(SolutionProperties) = preSolution
		HideSolutionNode = FALSE
	EndGlobalSection
	GlobalSection(ExtensibilityGlobals) = postSolution
		SolutionGuid = {54DFA347-B644-4549-A3DA-501C25B3EBC0}
	EndGlobalSection
EndGlobal
